version = 1
revision = 2
requires-python = ">=3.13"

[[package]]
name = "colorama"
version = "0.4.6"
source = { registry = "https://pypi.org/simple" }
sdist = { url = "https://files.pythonhosted.org/packages/d8/53/6f443c9a4a8358a93a6792e2acffb9d9d5cb0a5cfd8802644b7b1c9a02e4/colorama-0.4.6.tar.gz", hash = "sha256:08695f5cb7ed6e0531a20572697297273c47b8cae5a63ffc6d6ed5c201be6e44", size = 27697, upload-time = "2022-10-25T02:36:22.414Z" }
wheels = [
    { url = "https://files.pythonhosted.org/packages/d1/d6/3965ed04c63042e047cb6a3e6ed1a63a35087b6a609aa3a15ed8ac56c221/colorama-0.4.6-py2.py3-none-any.whl", hash = "sha256:4f1d9991f5acc0ca119f9d443620b77f9d6b33703e51011c16baf57afb285fc6", size = 25335, upload-time = "2022-10-25T02:36:20.889Z" },
]

[[package]]
name = "grpcio"
version = "1.83.0"
source = { registry = "https://pypi.org/simple" }
dependencies = [
    { name = "typing-extensions" },
]
sdist = { url = "https://files.pythonhosted.org/packages/0c/98/304898ac4e04e2d5e4e4c2eadc178b1f2a16d5f4bc2f91306c87d64680b9/grpcio-1.83.0.tar.gz", hash = "sha256:7674587248fbbb2ac6e4eecf83a8a0f3d91a928f941de571acfd3a2f007fbc24", size = 13428824, upload-time = "2026-07-23T15:20:37.759Z" }
wheels = [
    { url = "https://files.pythonhosted.org/packages/56/eb/135daaa713f32d33b8f99b4153b3f8dc3b2a124996ac15581bf9ebdad3c3/grpcio-1.83.0-cp313-cp313-linux_armv7l.whl", hash = "sha256:6662f3b1e07cc7493d437351860dc867bddc6a93c83ecf33bbfdaf0c217ab2d0", size = 6304480, upload-time = "2026-07-23T15:19:53.962Z" },
    { url = "https://files.pythonhosted.org/packages/8f/a1/121806ce69f23138dabe06aa595b0e5f1ae051a37e4c1954eed7d692c800/grpcio-1.83.0-cp313-cp313-macosx_11_0_universal2.whl", hash = "sha256:74fe6f9e8a35c7dbf32255ee154d15e3e5338a81ed39173d079d594d2e544cd1", size = 12154419, upload-time = "2026-07-23T15:19:56.3Z" },
    { url = "https://files.pythonhosted.org/packages/b0/e8/d0389e09cd6b4c4d3089b92967ae4e3ffd64795bd349bf2f85cd6656d3da/grpcio-1.83.0-cp313-cp313-manylinux2014_aarch64.manylinux_2_17_aarch64.whl", hash = "sha256:10b3fa0475eb572c9a81a6fe37fa16a9c500c0c91cfc148cac15692b7e3c2867", size = 6873200, upload-time = "2026-07-23T15:19:58.701Z" },
    { url = "https://files.pythonhosted.org/packages/f8/51/f464c1d211fa50d5adbabe1b2e519948d99c13757052bfc9ea7afa28e284/grpcio-1.83.0-cp313-cp313-manylinux2014_i686.manylinux_2_17_i686.whl", hash = "sha256:5f20a988480b0f28207f057f7f7ae1313393c3cef0adcfeae8248f9947eaf881", size = 7618811, upload-time = "2026-07-23T15:20:00.733Z" },
    { url = "https://files.pythonhosted.org/packages/e8/c0/539fe0832f2dd6500a28f5263071623fb34e8d4867aec632ccf81bd21156/grpcio-1.83.0-cp313-cp313-manylinux2014_x86_64.manylinux_2_17_x86_64.whl", hash = "sha256:7bd82671b39065ba18cd536e9cd45b27ff649053f81ddd2c6a966d595067080f", size = 7042310, upload-time = "2026-07-23T15:20:02.675Z" },
    { url = "https://files.pythonhosted.org/packages/8c/ca/ccf617d37ffa72567fa8e005ec7090c99da922799be2fb9847c8b21ca18c/grpcio-1.83.0-cp313-cp313-musllinux_1_2_aarch64.whl", hash = "sha256:bc60215b5cb9fc8ca72942c498b551ac2305bd08f6ef8d4e3f0d21b64fbecd61", size = 7575412, upload-time = "2026-07-23T15:20:04.712Z" },
    { url = "https://files.pythonhosted.org/packages/eb/b9/fd8d5245f823a8e0fd35d90e20ea3aa4acd47f8d5318fa8df307df52dec6/grpcio-1.83.0-cp313-cp313-musllinux_1_2_i686.whl", hash = "sha256:f1c3e5689d4b90987b1d72022bcfe866a9a3dc66197484cf856d96b6150e7f45", size = 8604248, upload-time = "2026-07-23T15:20:06.77Z" },
    { url = "https://files.pythonhosted.org/packages/14/1e/f37632fc11db72dfa4bba86c3a43e54358e53030df111ecae5e91a733ad6/grpcio-1.83.0-cp313-cp313-musllinux_1_2_x86_64.whl", hash = "sha256:a21cb4eeeba124443f399be2e8b624943cde864dcbe588cb42e5c483a52a906c", size = 7977458, upload-time = "2026-07-23T15:20:09.109Z" },
    { url = "https://files.pythonhosted.org/packages/93/b6/d70b69ae5c0cfc341b9ba474980e4ed99cbf05c0e4a14e9eee8cb73db0a5/grpcio-1.83.0-cp313-cp313-win32.whl", hash = "sha256:8fe04f1050a59f875601eb55d42b4f66946fe89817f967e34db1462ccd07dadf", size = 4393993, upload-time = "2026-07-23T15:20:11.017Z" },
    { url = "https://files.pythonhosted.org/packages/0f/13/45d4cccb555cf4c476226979bf3d2fd0b0254216f7564c3a053e35117efc/grpcio-1.83.0-cp313-cp313-win_amd64.whl", hash = "sha256:6e01ecd9d8ef280abe1365138a4dc318f9a5287f4cb1b41d07816f796653f735", size = 5159650, upload-time = "2026-07-23T15:20:12.979Z" },
    { url = "https://files.pythonhosted.org/packages/9c/60/f2cca8147ea213d3e43ae9158d03ad04e020fdf32ff027253e1fe93f921d/grpcio-1.83.0-cp314-cp314-linux_armv7l.whl", hash = "sha256:3f351629f6ae16ecc0ec3553e586a6763ffd9f6114044286d0cbec3e09241bfa", size = 6305607, upload-time = "2026-07-23T15:20:15.353Z" },
    { url = "https://files.pythonhosted.org/packages/d0/ab/d3874931d123a95e83a3ebf8aa04537988fb62425cedb8bf3cefc5ad41b2/grpcio-1.83.0-cp314-cp314-macosx_11_0_universal2.whl", hash = "sha256:d05ff664100d429335b93c91b8b34ddf9e94a112205e7fa06dede309e44a4e4c", size = 12166617, upload-time = "2026-07-23T15:20:17.435Z" },
    { url = "https://files.pythonhosted.org/packages/92/ff/6f18f9426b69306f4e00a9add3b0ee2748da8aad53836ef80cab0d62d04f/grpcio-1.83.0-cp314-cp314-manylinux2014_aarch64.manylinux_2_17_aarch64.whl", hash = "sha256:7936f2a56cf04f6514705c0fedf400971de01b6aa1719327e4718f410a765e2b", size = 6880213, upload-time = "2026-07-23T15:20:19.98Z" },
    { url = "https://files.pythonhosted.org/packages/70/21/706d1147c6b93b98f179240c13991fbcc56880eba0c868abb1ad40d8a0a6/grpcio-1.83.0-cp314-cp314-manylinux2014_i686.manylinux_2_17_i686.whl", hash = "sha256:b0a0be840e51b6b7ee9df9269770faf77bdf4b771053c257c21d12bad607714c", size = 7618335, upload-time = "2026-07-23T15:20:22.161Z" },
    { url = "https://files.pythonhosted.org/packages/74/04/1a8443c889115ec9e213a213e86bc93a71ee9088027e5befa09aaa0edd9d/grpcio-1.83.0-cp314-cp314-manylinux2014_x86_64.manylinux_2_17_x86_64.whl", hash = "sha256:009667eaf3dcd5224c713589cdc98e7ca4ed0ff0b61132c6b276e930eb83a2df", size = 7043416, upload-time = "2026-07-23T15:20:24.209Z" },
    { url = "https://files.pythonhosted.org/packages/86/c6/94e0fee5b12bc1da1370185b680988db6f739d19b42d9959db01a7ea50bf/grpcio-1.83.0-cp314-cp314-musllinux_1_2_aarch64.whl", hash = "sha256:bb669918fd88936b15599caff4160a77ab74bdeb25f2231f6e45b61282d6107b", size = 7583253, upload-time = "2026-07-23T15:20:26.313Z" },
    { url = "https://files.pythonhosted.org/packages/a0/97/de1ccb671fb85575bc5192faedf9ecdbdf5b390d2e6584dcf552bcbd370e/grpcio-1.83.0-cp314-cp314-musllinux_1_2_i686.whl", hash = "sha256:c19b454d3d3f28db81f2c7c4dbaee96e7f6fd149721733ffe79d6bc530f17404", size = 8605102, upload-time = "2026-07-23T15:20:28.437Z" },
    { url = "https://files.pythonhosted.org/packages/17/0f/0e0ec749a7034ffcbaa050e39779872950ead90c22e7e0116be3f28b2b46/grpcio-1.83.0-cp314-cp314-musllinux_1_2_x86_64.whl", hash = "sha256:61007cd08640abc5c54547ee32505474c482cd733a53cb87551ea81faa6350af", size = 7979826, upload-time = "2026-07-23T15:20:31.182Z" },
    { url = "https://files.pythonhosted.org/packages/83/fa/c3fda157287f64bc65acee6c5aa90c41acf9e0d3a8e69a265eecff6d00a1/grpcio-1.83.0-cp314-cp314-win32.whl", hash = "sha256:32e11c37f5285b0c6fa3042c05fe06903696689749833fc64e67dec71b9bbe33", size = 4471765, upload-time = "2026-07-23T15:20:33.195Z" },
    { url = "https://files.pythonhosted.org/packages/a1/00/b1b26431c9d54eee11724fd6e5585473a2ed47fbc1fb95e5204906a642ce/grpcio-1.83.0-cp314-cp314-win_amd64.whl", hash = "sha256:2bb48cb5e6dd005ca12b89ce4b6ac0b48ff3112c747542ee7986ef611a8ca6d9", size = 5298932, upload-time = "2026-07-23T15:20:35.48Z" },
]

[[package]]
name = "grpcio-tools"
version = "1.83.0"
source = { registry = "https://pypi.org/simple" }
dependencies = [
    { name = "grpcio" },
    { name = "protobuf" },
    { name = "setuptools" },
]
sdist = { url = "https://files.pythonhosted.org/packages/c1/b1/50b17b3a2ba8970dbb00b2035a4df218bc6ec88d2d77fc7da4e42e1c7b19/grpcio_tools-1.83.0.tar.gz", hash = "sha256:515907265d14fa9975d0c7723f95a9da01463d7ac607546a03f8741f86a1bb07", size = 6400437, upload-time = "2026-07-23T15:22:18.313Z" }
wheels = [
    { url = "https://files.pythonhosted.org/packages/63/2f/a7a4465b2a5b74b479373bf44d86da5840d7d20871764a39fb300e55e093/grpcio_tools-1.83.0-cp313-cp313-linux_armv7l.whl", hash = "sha256:3277cfbb7cbbd2d72921fbcd7aba6c8ab1c91a9ab27e8045ac0a0f2e0517cec9", size = 2652845, upload-time = "2026-07-23T15:21:40.173Z" },
    { url = "https://files.pythonhosted.org/packages/ab/69/ed8ebaae3bd0ecd2387b0fdb3a696bd4b4d4565d18589ee3ba7c6affcbed/grpcio_tools-1.83.0-cp313-cp313-macosx_11_0_universal2.whl", hash = "sha256:1aa9617ce9c2bcbfb8f2fa08e6259e1b3cadaab0316e41f71496847af2f0a664", size = 5963575, upload-time = "2026-07-23T15:21:41.943Z" },
    { url = "https://files.pythonhosted.org/packages/13/23/75bddae583077f1374c64e2a87b5924bdbffe162b3855af30c30a0fc8c5c/grpcio_tools-1.83.0-cp313-cp313-manylinux2014_aarch64.manylinux_2_17_aarch64.whl", hash = "sha256:ad37c786ea92825534466052f5f22f1f29983b1d00ca71ad43e256715a86bba3", size = 2705094, upload-time = "2026-07-23T15:21:43.675Z" },
    { url = "https://files.pythonhosted.org/packages/f2/ac/7e1b12b1c5afff4f7d578f3c4eafbb1849f8004ddcc236cd3ff95c8be607/grpcio_tools-1.83.0-cp313-cp313-manylinux2014_i686.manylinux_2_17_i686.whl", hash = "sha256:c82216864d435ecf6f535798d03e9f6b9025a672a2e815715d629aba4ba70349", size = 3033061, upload-time = "2026-07-23T15:21:45.657Z" },
    { url = "https://files.pythonhosted.org/packages/b8/6d/113291a7aad0c47a1e2ba2375595dfc3c2ab648e0ea05ff3d6f0f89055b3/grpcio_tools-1.83.0-cp313-cp313-manylinux2014_x86_64.manylinux_2_17_x86_64.whl", hash = "sha256:04284627655629387b63278591e5efd0aded28d3a08432fe8a8765e4daf2d5b2", size = 2773649, upload-time = "2026-07-23T15:21:47.404Z" },
    { url = "https://files.pythonhosted.org/packages/dd/c2/ce1c6c2475ed5cb0f7c6689bde57e3c105714676227da11b423ff37620a9/grpcio_tools-1.83.0-cp313-cp313-musllinux_1_2_aarch64.whl", hash = "sha256:4fe627a5248d8e712f5ec3e019420050e61b10600ed241264aefb379a0f1b338", size = 3229788, upload-time = "2026-07-23T15:21:49.441Z" },
    { url = "https://files.pythonhosted.org/packages/c5/53/823fd52c29630398706de400ce7003b03e17ce91df024fc53cde810d2758/grpcio_tools-1.83.0-cp313-cp313-musllinux_1_2_i686.whl", hash = "sha256:1d5a9a9664d2f4bdda000652e7febf9ab4545a6391c8f05babd52ecb27d7e03e", size = 3802531, upload-time = "2026-07-23T15:21:51.37Z" },
    { url = "https://files.pythonhosted.org/packages/30/85/942ee07caf97b75ead416c6ad5f2fb12b16b8bc92fa3d60bbbea4c06e076/grpcio_tools-1.83.0-cp313-cp313-musllinux_1_2_x86_64.whl", hash = "sha256:4bf0e421e1ab5f2cd638de44fc903aed3ba4a2fcb19b93c6f528ff0ec63e3a6a", size = 3461032, upload-time = "2026-07-23T15:21:53.343Z" },
    { url = "https://files.pythonhosted.org/packages/d4/0b/54cb428ea18912fa9541509fbc2e10f9807d96e88cf435f86e63c540ac25/grpcio_tools-1.83.0-cp313-cp313-win32.whl", hash = "sha256:7b1bd6db403b38addded54866187eba6f9ab9afadf72bb8d0515ed13f0b16c5c", size = 1022116, upload-time = "2026-07-23T15:21:55.036Z" },
    { url = "https://files.pythonhosted.org/packages/77/80/2369320766091f6daedb924d133037a9f8b84bfb3e4d02d6ccffcd57b0cd/grpcio_tools-1.83.0-cp313-cp313-win_amd64.whl", hash = "sha256:d654c645af7cf608a30644bffb8d1ef6b14e8846482c3d0131d0dda91f6fb590", size = 1191934, upload-time = "2026-07-23T15:21:56.862Z" },
    { url = "https://files.pythonhosted.org/packages/b2/bd/3abb9c200f90110805553ca0e8f7908a0b89485ea99bb271daa37eaafb72/grpcio_tools-1.83.0-cp314-cp314-linux_armv7l.whl", hash = "sha256:1ea047ff4bd2bb32fe5268042cb9c9e7bb054e932b52ad756642622f032ef656", size = 2652841, upload-time = "2026-07-23T15:21:58.726Z" },
    { url = "https://files.pythonhosted.org/packages/a2/46/d5beb04f0ffe552e55eaddd3413786e17a1fa68edb2fd8398969c38bc7e8/grpcio_tools-1.83.0-cp314-cp314-macosx_11_0_universal2.whl", hash = "sha256:7a8ac9cb3fbf7a5e4fe59f211e77b4fa4d51279c9f480e6ff98037cf56da1ad8", size = 5963493, upload-time = "2026-07-23T15:22:00.547Z" },
    { url = "https://files.pythonhosted.org/packages/40/1b/d8e01ca3281cb59722372c415024a7e70e8a653e70e2075e875394e4f761/grpcio_tools-1.83.0-cp314-cp314-manylinux2014_aarch64.manylinux_2_17_aarch64.whl", hash = "sha256:a5fa95fb33a600d2491867a1048f47baa27a830eac01f475043b8ccf63a471eb", size = 2705303, upload-time = "2026-07-23T15:22:02.448Z" },
    { url = "https://files.pythonhosted.org/packages/83/43/75b382d8f116e274ce639ec55a6908dc792627b01d3c47b4f8991701203b/grpcio_tools-1.83.0-cp314-cp314-manylinux2014_i686.manylinux_2_17_i686.whl", hash = "sha256:0ca67941524662e01adea91571bb79df1ac9b4b2641812ef8636e21945119bee", size = 3033047, upload-time = "2026-07-23T15:22:04.445Z" },
    { url = "https://files.pythonhosted.org/packages/0f/9f/200fb55729b735192fded061f53aa37c88cf9f58933cb108e16f5c1fd967/grpcio_tools-1.83.0-cp314-cp314-manylinux2014_x86_64.manylinux_2_17_x86_64.whl", hash = "sha256:e2a5816a5b6b06b42a6989f02944841c2a8b3daaa7f033dac9267f70078028ef", size = 2773830, upload-time = "2026-07-23T15:22:06.519Z" },
    { url = "https://files.pythonhosted.org/packages/d1/bc/e585c4e255599ec45f2e07e0f570352158354285afd65ef30ceda97b445e/grpcio_tools-1.83.0-cp314-cp314-musllinux_1_2_aarch64.whl", hash = "sha256:f4a83f002895b11c4a862c366d77165825e0064aff14bf2c7453f59f66599b0e", size = 3229907, upload-time = "2026-07-23T15:22:08.358Z" },
    { url = "https://files.pythonhosted.org/packages/4d/a1/0c098b4ff64d948666b79d0036ce104b8c2209e6f4d1594046044dcfa25d/grpcio_tools-1.83.0-cp314-cp314-musllinux_1_2_i686.whl", hash = "sha256:1cfee967ae073bc064862971871229248965422f38556096aec76db19d8a8c79", size = 3802600, upload-time = "2026-07-23T15:22:10.393Z" },
    { url = "https://files.pythonhosted.org/packages/d4/e1/249047aab0da8c6b3b2e0156e6868aa0b598973ddf53f59186c43664ff96/grpcio_tools-1.83.0-cp314-cp314-musllinux_1_2_x86_64.whl", hash = "sha256:f7e82ee718ae09f879cb832e4517a56691de24383a2da673be184ad8b18e452f", size = 3461307, upload-time = "2026-07-23T15:22:12.33Z" },
    { url = "https://files.pythonhosted.org/packages/39/aa/11a228c47acecde2e05715bda4480e5a695690e00776c1db391e5a02c1f7/grpcio_tools-1.83.0-cp314-cp314-win32.whl", hash = "sha256:846fd211ebb72f50d39d3874cc0d616c2b9bcb71db51121ca86af29eec013c74", size = 1045047, upload-time = "2026-07-23T15:22:14.23Z" },
    { url = "https://files.pythonhosted.org/packages/30/b1/d1f150b2ab3b4ae9932c05104fe1edbcb7fbf505587ea8db99e49341a05f/grpcio_tools-1.83.0-cp314-cp314-win_amd64.whl", hash = "sha256:b8c9686b0c19f70b63d8d6cfeff5ad3480bdedecd60f14711fe43950f5397253", size = 1224199, upload-time = "2026-07-23T15:22:16.064Z" },
]

[[package]]
name = "iniconfig"
version = "2.3.0"
source = { registry = "https://pypi.org/simple" }
sdist = { url = "https://files.pythonhosted.org/packages/72/34/14ca021ce8e5dfedc35312d08ba8bf51fdd999c576889fc2c24cb97f4f10/iniconfig-2.3.0.tar.gz", hash = "sha256:c76315c77db068650d49c5b56314774a7804df16fee4402c1f19d6d15d8c4730", size = 20503, upload-time = "2025-10-18T21:55:43.219Z" }
wheels = [
    { url = "https://files.pythonhosted.org/packages/cb/b1/3846dd7f199d53cb17f49cba7e651e9ce294d8497c8c150530ed11865bb8/iniconfig-2.3.0-py3-none-any.whl", hash = "sha256:f631c04d2c48c52b84d0d0549c99ff3859c98df65b3101406327ecc7d53fbf12", size = 7484, upload-time = "2025-10-18T21:55:41.639Z" },
]

[[package]]
name = "orjson"
version = "3.11.9"
source = { registry = "https://pypi.org/simple" }
sdist = { url = "https://files.pythonhosted.org/packages/7e/0c/964746fcafbd16f8ff53219ad9f6b412b34f345c75f384ad434ceaadb538/orjson-3.11.9.tar.gz", hash = "sha256:4fef17e1f8722c11587a6ef18e35902450221da0028e65dbaaa543619e68e48f", size = 5599163, upload-time = "2026-05-06T15:11:08.309Z" }
wheels = [
    { url = "https://files.pythonhosted.org/packages/32/33/93fcc25907235c344ae73122f8a4e01d2d393ef062b4af7d2e2487a32c37/orjson-3.11.9-cp313-cp313-macosx_10_15_x86_64.macosx_11_0_arm64.macosx_10_15_universal2.whl", hash = "sha256:4bab1b2d6141fe7b32ae71dac905666ece4f94936efbfb13d55bb7739a3a6021", size = 228458, upload-time = "2026-05-06T15:10:20.079Z" },
    { url = "https://files.pythonhosted.org/packages/8f/27/b1e6dadb3c080313c03fdd8067b85e6a0460c7d8d6a1c3984ef77b904e4d/orjson-3.11.9-cp313-cp313-macosx_15_0_arm64.whl", hash = "sha256:844417969855fc7a41be124aafe83dc424592a7f77cd4501900c67307122b92c", size = 128368, upload-time = "2026-05-06T15:10:21.549Z" },
    { url = "https://files.pythonhosted.org/packages/21/0f/c9ede0bf052f6b4051e64a7d4fa91b725cccf8321a6a786e86eb03519f00/orjson-3.11.9-cp313-cp313-manylinux_2_17_aarch64.manylinux2014_aarch64.whl", hash = "sha256:ffe02797b5e9f3a9d8292ddcd289b474ad13e81ad83cd1891a240811f1d2cb81", size = 132070, upload-time = "2026-05-06T15:10:23.371Z" },
    { url = "https://files.pythonhosted.org/packages/fd/26/d398e28048dc18205bbe812f2c88cb9b40313db2470778e25964796458fe/orjson-3.11.9-cp313-cp313-manylinux_2_17_armv7l.manylinux2014_armv7l.whl", hash = "sha256:0e4eed3b200023042814d2fc8a5d2e880f13b52e1ed2485e83da4f3962f7dc1a", size = 127892, upload-time = "2026-05-06T15:10:24.714Z" },
    { url = "https://files.pythonhosted.org/packages/66/60/52b0054c4c700d5aa7fc5b7ca96917400d8f061307778578e67a10e25852/orjson-3.11.9-cp313-cp313-manylinux_2_17_i686.manylinux2014_i686.whl", hash = "sha256:8aff7da9952a5ad1cef8e68017724d96c7b9a66e99e91d6252e1b133d67a7b10", size = 135217, upload-time = "2026-05-06T15:10:26.084Z" },
    { url = "https://files.pythonhosted.org/packages/d5/97/1e3dc2b2a28b7b2528f403d2fc1d79ec5f39af3bc143ab65d3ec26426385/orjson-3.11.9-cp313-cp313-manylinux_2_17_ppc64le.manylinux2014_ppc64le.whl", hash = "sha256:4d4e98d6f3b8afed8bc8cd9718ec0cdf46661826beefb53fe8eafb37f2bf0362", size = 145980, upload-time = "2026-05-06T15:10:28.062Z" },
    { url = "https://files.pythonhosted.org/packages/fc/39/31fbfe7850f2de32dee7e7e5c09f26d403ab01e440ac96001c6b01ad3c99/orjson-3.11.9-cp313-cp313-manylinux_2_17_s390x.manylinux2014_s390x.whl", hash = "sha256:3a81d52442a7c99b3662333235b3adf96a1715864658b35bb797212be7bddb97", size = 132738, upload-time = "2026-05-06T15:10:29.727Z" },
    { url = "https://files.pythonhosted.org/packages/a1/08/dca0082dd2a194acb93e5457e73455388e2e2ca464a2672449a9ddbb679d/orjson-3.11.9-cp313-cp313-manylinux_2_17_x86_64.manylinux2014_x86_64.whl", hash = "sha256:4e39364e726a8fff737309aff059ff67d8a8c8d5b677be7bb49a8b3e84b7e218", size = 134033, upload-time = "2026-05-06T15:10:31.152Z" },
    { url = "https://files.pythonhosted.org/packages/11/d4/5bdb0626801230139987385554c5d4c42255218ac906525bf4347f22cd95/orjson-3.11.9-cp313-cp313-musllinux_1_2_aarch64.whl", hash = "sha256:4fd66214623f1b17501df9f0543bef0b833979ab5b6ded1e1d123222866aa8c9", size = 141492, upload-time = "2026-05-06T15:10:32.641Z" },
    { url = "https://files.pythonhosted.org/packages/fa/88/a21fb53b3ede6703aede6dce4710ed4111e5b201cfa6bbff5e544f9d47d7/orjson-3.11.9-cp313-cp313-musllinux_1_2_armv7l.whl", hash = "sha256:8ecc30f10465fa1e0ce13fd01d9e22c316e5053a719a8d915d4545a09a5ff677", size = 415087, upload-time = "2026-05-06T15:10:34.438Z" },
    { url = "https://files.pythonhosted.org/packages/3d/57/1b30daf70f0d8180e9a73cefbfbdd99e4bf19eb020466502b01fba7e0e50/orjson-3.11.9-cp313-cp313-musllinux_1_2_i686.whl", hash = "sha256:97db4c94a7db398a5bd636273324f0b3fd58b350bbbac8bb380ceb825a9b40f4", size = 148031, upload-time = "2026-05-06T15:10:36.358Z" },
    { url = "https://files.pythonhosted.org/packages/04/83/45fbb6d962e260807f99441db9613cee868ceda4baceda59b3720a563f97/orjson-3.11.9-cp313-cp313-musllinux_1_2_x86_64.whl", hash = "sha256:9f78cf8fec5bd627f4082b8dfeac7871b43d7f3274904492a43dab39f18a19a0", size = 136915, upload-time = "2026-05-06T15:10:38.013Z" },
    { url = "https://files.pythonhosted.org/packages/5f/cc/2d10025f9056d376e4127ec05a5808b218d46f035fdc08178a5411b34250/orjson-3.11.9-cp313-cp313-win32.whl", hash = "sha256:d4087e5c0209a0a8efe4de3303c234b9c44d1174161dcd851e8eea07c7560b32", size = 131613, upload-time = "2026-05-06T15:10:39.569Z" },
    { url = "https://files.pythonhosted.org/packages/67/bd/2775ff28bfe883b9aa1ff348300542eb2ef1ee18d8ae0e3a49846817a865/orjson-3.11.9-cp313-cp313-win_amd64.whl", hash = "sha256:051b102c93b4f634e89f3866b07b9a9a98915ada541f4ec30f177067b2694979", size = 127086, upload-time = "2026-05-06T15:10:41.262Z" },
    { url = "https://files.pythonhosted.org/packages/91/2b/d26799e580939e32a7da9a39531bc9e58e15ca32ffaa6a8cb3e9bb0d22cd/orjson-3.11.9-cp313-cp313-win_arm64.whl", hash = "sha256:cce9127885941bd28f080cecf1f1d288336b7e0d812c345b08be88b572796254", size = 126696, upload-time = "2026-05-06T15:10:42.651Z" },
    { url = "https://files.pythonhosted.org/packages/8e/eb/5da01e356015aee6ecfa1187ced87aef51364e306f5e695dd52719bf0e78/orjson-3.11.9-cp314-cp314-macosx_10_15_x86_64.macosx_11_0_arm64.macosx_10_15_universal2.whl", hash = "sha256:b6ef1979adc4bc243523f1a2ba91418030a8e29b0a99cbe7e0e2d6807d4dce6e", size = 228465, upload-time = "2026-05-06T15:10:44.097Z" },
    { url = "https://files.pythonhosted.org/packages/64/62/3e0e0c14c957133bcd855395c62b55ed4e3b0af23ffea11b032cb1dcbdb1/orjson-3.11.9-cp314-cp314-macosx_15_0_arm64.whl", hash = "sha256:f36b7f32c7c0db4a719f1fc5824db4a9c6f8bd1a354debb91faf26ebf3a4c71e", size = 128364, upload-time = "2026-05-06T15:10:45.839Z" },
    { url = "https://files.pythonhosted.org/packages/5a/5a/07d8aa117211a8ed7630bda80c8c0b14d04e0f8dcf99bcf49656e4a710eb/orjson-3.11.9-cp314-cp314-manylinux_2_17_aarch64.manylinux2014_aarch64.whl", hash = "sha256:08f4d8ebb44925c794e535b2bebc507cebf32209df81de22ae285fb0d8d66de0", size = 132063, upload-time = "2026-05-06T15:10:47.267Z" },
    { url = "https://files.pythonhosted.org/packages/d6/ec/4acaf21483e18aa945be74a474c74b434f284b549f275a0a39b9f98956e9/orjson-3.11.9-cp314-cp314-manylinux_2_17_armv7l.manylinux2014_armv7l.whl", hash = "sha256:6cc7923789694fd58f001cbcac7e47abc13af4d560ebbfcf3b41a8b1a0748124", size = 122356, upload-time = "2026-05-06T15:10:48.765Z" },
    { url = "https://files.pythonhosted.org/packages/13/d8/5f0555e7638801323b7a75850f92e7dfa891bc84fe27a1ba4449170d1200/orjson-3.11.9-cp314-cp314-manylinux_2_17_i686.manylinux2014_i686.whl", hash = "sha256:ea5c46eb2d3af39e806b986f4b09d5c2706a1f5afde3cbf7544ce6616127173c", size = 129592, upload-time = "2026-05-06T15:10:50.13Z" },
    { url = "https://files.pythonhosted.org/packages/b6/30/ed9860412a3603ceb3c5955bfd72d28b9d0e7ba6ed81add14f83d7114236/orjson-3.11.9-cp314-cp314-manylinux_2_17_ppc64le.manylinux2014_ppc64le.whl", hash = "sha256:f5d89a2ed90731df3be64bab0aa44f78bff39fdc9d71c291f4a8023aa46425b7", size = 140491, upload-time = "2026-05-06T15:10:51.582Z" },
    { url = "https://files.pythonhosted.org/packages/d0/17/adc514dea7ac7c505527febf884934b815d34f0c7b8693c1a8b39c5c4a57/orjson-3.11.9-cp314-cp314-manylinux_2_17_s390x.manylinux2014_s390x.whl", hash = "sha256:25e4aed0312d292c09f61af25bba34e0b2c88546041472b09088c39a4d828af1", size = 127309, upload-time = "2026-05-06T15:10:53.329Z" },
    { url = "https://files.pythonhosted.org/packages/76/3e/c0b690253f0b82d86e99949af13533363acfb5432ecb5d53dd5b3bce9c34/orjson-3.11.9-cp314-cp314-manylinux_2_17_x86_64.manylinux2014_x86_64.whl", hash = "sha256:aaea64f3f467d22e70eeed68bdccb3bc4f83f650446c4a03c59f2cba28a108db", size = 134030, upload-time = "2026-05-06T15:10:54.988Z" },
    { url = "https://files.pythonhosted.org/packages/c1/7a/bc82a0bb25e9faaf92dc4d9ef002732efc09737706af83e346788641d4a7/orjson-3.11.9-cp314-cp314-musllinux_1_2_aarch64.whl", hash = "sha256:a028425d1b440c5d92a6be1e1a020739dfe67ea87d96c6dbe828c1b30041728b", size = 141482, upload-time = "2026-05-06T15:10:56.663Z" },
    { url = "https://files.pythonhosted.org/packages/01/55/e69188b939f77d5d32a9833745ace31ea5ccae3ab613a1ec185d3cd2c4fb/orjson-3.11.9-cp314-cp314-musllinux_1_2_armv7l.whl", hash = "sha256:5b192c6cf397e4455b11523c5cf2b18ed084c1bbd61b6c0926344d2129481972", size = 415178, upload-time = "2026-05-06T15:10:58.446Z" },
    { url = "https://files.pythonhosted.org/packages/2e/1a/b8a5a7ac527e80b9cb11d51e3f6689b709279183264b9ec5c7bc680bb8b5/orjson-3.11.9-cp314-cp314-musllinux_1_2_i686.whl", hash = "sha256:ea407d4ccf5891d667d045fecae97a7a1e5e87b3b97f97ae1803c2e741130be0", size = 148089, upload-time = "2026-05-06T15:11:00.441Z" },
    { url = "https://files.pythonhosted.org/packages/97/4e/00503f64204bf859b37213a63927028f30fb6268cd8677fb0a5ad48155e1/orjson-3.11.9-cp314-cp314-musllinux_1_2_x86_64.whl", hash = "sha256:5f63aaf97afd9f6dec5b1a68e1b8da12bfccb4cb9a9a65c3e0b6c847849e7586", size = 136921, upload-time = "2026-05-06T15:11:02.176Z" },
    { url = "https://files.pythonhosted.org/packages/0d/ba/a23b82a0a8d0ed7bed4e5f5035aae751cad4ff6a1e8d2ecd14d8860f5929/orjson-3.11.9-cp314-cp314-win32.whl", hash = "sha256:e30ab17845bb9fa54ccf67fa4f9f5282652d54faa6d17452f47d0f369d038673", size = 131638, upload-time = "2026-05-06T15:11:03.696Z" },
    { url = "https://files.pythonhosted.org/packages/f3/c3/0c6798456bade745c75c452342dabacce5798196483e77e643be1f53877d/orjson-3.11.9-cp314-cp314-win_amd64.whl", hash = "sha256:32ef5f4283a3be81913947d19608eacb7c6608026851123790cd9cc8982af34b", size = 127078, upload-time = "2026-05-06T15:11:05.123Z" },
    { url = "https://files.pythonhosted.org/packages/16/21/5a3f1e8913103b703a436a5664238e5b965ec392b555fe68943ea3691e6b/orjson-3.11.9-cp314-cp314-win_arm64.whl", hash = "sha256:eebdbdeef0094e4f5aefa20dcd4eb2368ab5e7a3b4edea27f1e7b2892e009cf9", size = 126687, upload-time = "2026-05-06T15:11:06.602Z" },
]

[[package]]
name = "packaging"
version = "26.3"
source = { registry = "https://pypi.org/simple" }
sdist = { url = "https://files.pythonhosted.org/packages/7d/fa/3944b40b07da9ce895c0e6303a5ab7d53da063554f534556b134a54d6093/packaging-26.3.tar.gz", hash = "sha256:94edc256424af38762eb31306eed28beb9f0efc50a8837492c9d6fd6004aed79", size = 313412, upload-time = "2026-08-04T18:15:28.737Z" }
wheels = [
    { url = "https://files.pythonhosted.org/packages/63/34/ba1c580383c9eada3711951fef0795c80b829a078d72188184bcab9dd527/packaging-26.3-py3-none-any.whl", hash = "sha256:d7193f7c8e4e93f444fde0262bf90af30e16fa0ad0ad44cb553c87339b23cd1c", size = 129956, upload-time = "2026-08-04T18:15:27.159Z" },
]

[[package]]
name = "pluggy"
version = "1.6.0"
source = { registry = "https://pypi.org/simple" }
sdist = { url = "https://files.pythonhosted.org/packages/f9/e2/3e91f31a7d2b083fe6ef3fa267035b518369d9511ffab804f839851d2779/pluggy-1.6.0.tar.gz", hash = "sha256:7dcc130b76258d33b90f61b658791dede3486c3e6bfb003ee5c9bfb396dd22f3", size = 69412, upload-time = "2025-05-15T12:30:07.975Z" }
wheels = [
    { url = "https://files.pythonhosted.org/packages/54/20/4d324d65cc6d9205fabedc306948156824eb9f0ee1633355a8f7ec5c66bf/pluggy-1.6.0-py3-none-any.whl", hash = "sha256:e920276dd6813095e9377c0bc5566d94c932c33b27a3e3945d8389c374dd4746", size = 20538, upload-time = "2025-05-15T12:30:06.134Z" },
]

[[package]]
name = "polars"
version = "1.43.2"
source = { registry = "https://pypi.org/simple" }
dependencies = [
    { name = "polars-runtime-32" },
]
sdist = { url = "https://files.pythonhosted.org/packages/89/13/3873f213304bcbaaf39e63c8b905ceb460a0524448d57f86a829f6d4d0fd/polars-1.43.2.tar.gz", hash = "sha256:c699671b99eb71ff53334d237917aaa3db5ad4dda480abcb6c80e0eaee7b677b", size = 750312, upload-time = "2026-08-01T06:28:30.872Z" }
wheels = [
    { url = "https://files.pythonhosted.org/packages/2b/fe/0888040a24e4504098b85d8ad486b14cb01cf6b030bbe479dfc2dcffc2ac/polars-1.43.2-py3-none-any.whl", hash = "sha256:22aa0cb92a1ee2d60d6a15a638b2e8e0dd99aea21ac0cd8fb29da8e382e075a9", size = 847150, upload-time = "2026-08-01T06:27:15.543Z" },
]

[[package]]
name = "polars-runtime-32"
version = "1.43.2"
source = { registry = "https://pypi.org/simple" }
sdist = { url = "https://files.pythonhosted.org/packages/d4/06/11b578eeef05f867e3ee31b2a2fdd8e7684c2aa47822c49935d1be789c38/polars_runtime_32-1.43.2.tar.gz", hash = "sha256:d7b7c486bccee75a6af0158b87077da3d054657e3c60036b28644f4e1c7fdbf7", size = 3095669, upload-time = "2026-08-01T06:28:32.315Z" }
wheels = [
    { url = "https://files.pythonhosted.org/packages/59/fc/12e6d4ca34d820297651134cfa35f86c33e898539fc6629cbb35d0089697/polars_runtime_32-1.43.2-cp310-abi3-macosx_10_12_x86_64.whl", hash = "sha256:91abf205d4ec93f92ba95386b7f8776559ae3dfce425ed2e527efa75d117d04a", size = 53088908, upload-time = "2026-08-01T06:27:18.268Z" },
    { url = "https://files.pythonhosted.org/packages/32/81/833b0853551deb810854f96b43dea342b6e6c9b0ea1afcccf774157d519d/polars_runtime_32-1.43.2-cp310-abi3-macosx_11_0_arm64.whl", hash = "sha256:2cc3ff96fd44789b02eb5c15b98dfcb000101636b177d3034fae2feec19b118f", size = 47540529, upload-time = "2026-08-01T06:27:21.391Z" },
    { url = "https://files.pythonhosted.org/packages/83/55/7b2a75af14c9294d97f3bec132dd3018ddcd988bef32b5d28322150b8c11/polars_runtime_32-1.43.2-cp310-abi3-manylinux_2_17_aarch64.manylinux2014_aarch64.whl", hash = "sha256:10ed36e615ab362feb7406e6d084e124b445ad284caa73bd93ae7e65745ed894", size = 51366340, upload-time = "2026-08-01T06:27:24.776Z" },
    { url = "https://files.pythonhosted.org/packages/62/60/64deacb3abc70c52e2d88a808a052d1621c86a48fe9194f2c065579ab1cd/polars_runtime_32-1.43.2-cp310-abi3-manylinux_2_17_x86_64.manylinux2014_x86_64.whl", hash = "sha256:6d5a7ae004a2723ebf4427f6d6a639f30f86af4cf077075f6b35d04711154fc3", size = 57304599, upload-time = "2026-08-01T06:27:27.875Z" },
    { url = "https://files.pythonhosted.org/packages/52/95/d6e3a236d7630e17c40d0ddee839bf2be9acf548fdc0e5ad65ed9ff0cac6/polars_runtime_32-1.43.2-cp310-abi3-musllinux_1_2_aarch64.whl", hash = "sha256:09339eacc6d392206e78aabbaaa37d7276eb969b798f46cb1f367fd718798c60", size = 51520580, upload-time = "2026-08-01T06:27:30.913Z" },
    { url = "https://files.pythonhosted.org/packages/b6/5a/2deb8eac70e9a2ac26d88a66ae7cf52612865026f4f4a5e7ab11ad9d52bf/polars_runtime_32-1.43.2-cp310-abi3-musllinux_1_2_x86_64.whl", hash = "sha256:452b400e59e7f56e4c6437f435e796903272a9388feee12de2bea049ae87025e", size = 55204471, upload-time = "2026-08-01T06:27:33.886Z" },
    { url = "https://files.pythonhosted.org/packages/29/9e/647401ae8a607bc0cc40ed7b8592d5b1be90ded0dc9b9d6d3aeb03f9524b/polars_runtime_32-1.43.2-cp310-abi3-win_amd64.whl", hash = "sha256:00e33c28e321410c8d66e814a90043101e3bdd9ed2c6dabda07565aa8adbbdf1", size = 52572176, upload-time = "2026-08-01T06:27:37.048Z" },
    { url = "https://files.pythonhosted.org/packages/96/8d/60a50c3f36c85218a7ffcb48c6fe2ce1f7bec799152d68b8658ebed2179c/polars_runtime_32-1.43.2-cp310-abi3-win_arm64.whl", hash = "sha256:350a4868cae85bf8b3f81b33ba47927c15256bd9264dfc8c0753f1b927eac9d3", size = 46582513, upload-time = "2026-08-01T06:27:40.025Z" },
]

[[package]]
name = "protobuf"
version = "7.35.1"
source = { registry = "https://pypi.org/simple" }
sdist = { url = "https://files.pythonhosted.org/packages/da/01/9ef0afd7999eb9badb3a768b4aedd78c86d4c65cfaf1958ab276199e76b4/protobuf-7.35.1.tar.gz", hash = "sha256:ce115a26fe0c39a2c29973d914d327e516a6455464489fe3cd1e51a1b354f81a", size = 458717, upload-time = "2026-06-11T21:55:40.257Z" }
wheels = [
    { url = "https://files.pythonhosted.org/packages/10/03/8aeeb7458d22546bf64b5250ca1daeb5ff757d900e8e4a7476c6f0db843e/protobuf-7.35.1-cp310-abi3-macosx_10_9_universal2.whl", hash = "sha256:24f857477359a85c0c235261b8ba905fd51b2562f4a64ca1df5473f29850cbf6", size = 433226, upload-time = "2026-06-11T21:55:31.719Z" },
    { url = "https://files.pythonhosted.org/packages/37/4b/dfb89eb0e652a1ff073c39a59fb5e3a83cfe9b57a2c83fa6d78270101767/protobuf-7.35.1-cp310-abi3-manylinux2014_aarch64.whl", hash = "sha256:11d6b0ec246892d85215b0a13ca6e0233cf5284b68f0ac02646427f4ff88a799", size = 328847, upload-time = "2026-06-11T21:55:34.035Z" },
    { url = "https://files.pythonhosted.org/packages/0f/58/dc12f2cd484951524af6e3382c785869b9b3fb5e52ee95ae23add53ee8f9/protobuf-7.35.1-cp310-abi3-manylinux2014_s390x.whl", hash = "sha256:b73f9489a4b8b1c9cb1f8ed951c736392592edb24b9d6819f36d2e10b171d5b4", size = 344030, upload-time = "2026-06-11T21:55:34.941Z" },
    { url = "https://files.pythonhosted.org/packages/e4/be/5b3cfe508bfab6761414ff944e3366eb13be4fd71efcd69450f89ba39f43/protobuf-7.35.1-cp310-abi3-manylinux2014_x86_64.whl", hash = "sha256:74758715c53d7158fb76caf4f0cfdacc5329a4b1bb994f865d6cf302d413a1c4", size = 327130, upload-time = "2026-06-11T21:55:35.921Z" },
    { url = "https://files.pythonhosted.org/packages/d8/bc/6d6c7ba8709c85f8f2c390b2b118d6fb08a783676a572271851bf45a7d22/protobuf-7.35.1-cp310-abi3-win32.whl", hash = "sha256:353652e4efd0bca5b5fc2656abf8307ef351f0cf938c9eba09f0e09c20a25c30", size = 428945, upload-time = "2026-06-11T21:55:37.034Z" },
    { url = "https://files.pythonhosted.org/packages/0a/19/8d0cb6f20a1ef7b18f1c8986ad5783f22f84cce39c6ce9a6e645ea55192e/protobuf-7.35.1-cp310-abi3-win_amd64.whl", hash = "sha256:230a75ddfc2de4806e56696ce9640c1cdfdb6543b7cfce98d42a4c0a0e7bdb87", size = 439996, upload-time = "2026-06-11T21:55:38.123Z" },
    { url = "https://files.pythonhosted.org/packages/19/c7/5f7c636ec43e0c545e28d1f1db71990108306f7bdcb89f069ba97e428e7f/protobuf-7.35.1-py3-none-any.whl", hash = "sha256:4bc97768d8fe4ad6743c8a19403e314511ed9f6d13205b687e52421c023ac1b9", size = 171659, upload-time = "2026-06-11T21:55:39.155Z" },
]

[[package]]
name = "pyarrow"
version = "25.0.0"
source = { registry = "https://pypi.org/simple" }
sdist = { url = "https://files.pythonhosted.org/packages/27/f3/95428098d1fa7d04432fb750eed06b41304c2f6a5d3319985e64db2d9d41/pyarrow-25.0.0.tar.gz", hash = "sha256:d2d697008b5ec06d75952ef260c2e9a8a0f6ccfce24266c04c9c8ade927cb3b4", size = 1199181, upload-time = "2026-07-10T08:29:50.116Z" }
wheels = [
    { url = "https://files.pythonhosted.org/packages/6c/c8/098ce17d778fd9d29e40bb8c5f19a40cc90c3f0b46c9057b0d7993f42f54/pyarrow-25.0.0-cp313-cp313-macosx_12_0_arm64.whl", hash = "sha256:8831a3ba52fa7cdb78d368d968b1dcd06171e6dff5461e16d90de91d371e47bc", size = 35844549, upload-time = "2026-07-10T08:27:37.956Z" },
    { url = "https://files.pythonhosted.org/packages/bc/66/24c28877219abf6263d909b1592c97ff82c59f13a59acbed11fc87c0654f/pyarrow-25.0.0-cp313-cp313-macosx_12_0_x86_64.whl", hash = "sha256:5f4bacb60f91dd2fca6c52f1b9a0012cd090e0294f1f781dc1881a247a352f8e", size = 37610397, upload-time = "2026-07-10T08:27:43.803Z" },
    { url = "https://files.pythonhosted.org/packages/53/55/6d1d5f5aff317ec5de9421594679ed51ed828fe7e2ce209327f819d801e4/pyarrow-25.0.0-cp313-cp313-manylinux_2_28_aarch64.whl", hash = "sha256:59516c822d5fd8e544aaa0dfe72f36fed5d4c24ea8390aab1bcd31d7e959c6be", size = 46841701, upload-time = "2026-07-10T08:27:49.741Z" },
    { url = "https://files.pythonhosted.org/packages/b5/5d/f790fb6965ab54c9da0dda7856abc75fd0d7648d865f8d603c111d203a64/pyarrow-25.0.0-cp313-cp313-manylinux_2_28_x86_64.whl", hash = "sha256:6f9dbd83e91c239a1f5ee7ce13f108b5f6c0efbe40a4375260d8f08b43ad05e9", size = 50090118, upload-time = "2026-07-10T08:27:56.051Z" },
    { url = "https://files.pythonhosted.org/packages/0c/8c/faf025357ebf31bc96777f234277aa31e2aeca6dd4ecaa391f29085473c2/pyarrow-25.0.0-cp313-cp313-musllinux_1_2_aarch64.whl", hash = "sha256:18dcc8cc50b5e72eae6fcbfc6c8776c21a007176b27a3cdec5c2f5bcf126708d", size = 49945559, upload-time = "2026-07-10T08:28:01.927Z" },
    { url = "https://files.pythonhosted.org/packages/07/a1/bd051871708ea99a5e0fc711926c26c6f2c6d0130c7aaac8093e34998af6/pyarrow-25.0.0-cp313-cp313-musllinux_1_2_x86_64.whl", hash = "sha256:4ec1895a87aa834c3b99b7a1e758747eb8bb57f922b32c0e0fa04afb8d6998b1", size = 53114238, upload-time = "2026-07-10T08:28:08.594Z" },
    { url = "https://files.pythonhosted.org/packages/7c/31/737f0c3cffcd6af647849477d1dd68045deac2e3963c3f9f211bedc48540/pyarrow-25.0.0-cp313-cp313-win_amd64.whl", hash = "sha256:77c8d1ae46a44b4006e8db1cc977bbcc6ce4873c92f74137d68e45503b97fb18", size = 27861162, upload-time = "2026-07-10T08:28:12.975Z" },
    { url = "https://files.pythonhosted.org/packages/55/c7/581ccbcdb3d897eb2893328d68db3d52eca373bf2a7e964d0a6276b8e85b/pyarrow-25.0.0-cp314-cp314-macosx_12_0_arm64.whl", hash = "sha256:72132b9a8a0a1840197794d4dea26080069b6b0981c116bc078762dc9691b21b", size = 35878945, upload-time = "2026-07-10T08:28:18.222Z" },
    { url = "https://files.pythonhosted.org/packages/64/d1/ccb01db7329ea0411ef4fbd9b62a04d3268b36777d4e758d5e39b91ddeab/pyarrow-25.0.0-cp314-cp314-macosx_12_0_x86_64.whl", hash = "sha256:e009ef945e498dca2f050ea10d2e9764cb44017254826fc4574fdb8d2530173b", size = 37630854, upload-time = "2026-07-10T08:28:23.452Z" },
    { url = "https://files.pythonhosted.org/packages/af/9f/2d81ba89d1e4198d0cb25fe7529de936830fdaec0db926bb52a1ef7080d4/pyarrow-25.0.0-cp314-cp314-manylinux_2_28_aarch64.whl", hash = "sha256:f57a39dbcb416345401c2e77a4373669b45fd111a1768e6cf267a7a0607ff0ec", size = 46905617, upload-time = "2026-07-10T08:28:29.376Z" },
    { url = "https://files.pythonhosted.org/packages/6a/29/0ed312ec800fb536f93783215126cee4b8977dcfeccba6f0f44df0cc87d7/pyarrow-25.0.0-cp314-cp314-manylinux_2_28_x86_64.whl", hash = "sha256:447df764beb07c544f0178a5f6b70ef44b9ecf382b3cdfad4c2d7867353c3887", size = 50119765, upload-time = "2026-07-10T08:28:35.826Z" },
    { url = "https://files.pythonhosted.org/packages/ca/88/cab5063ba0c4d46a9f6b4b7eb1c9029dc0302d65cd5ab3510c949a386568/pyarrow-25.0.0-cp314-cp314-musllinux_1_2_aarch64.whl", hash = "sha256:ac5dfeee59f9ceb4d45ba76e83b026c38c24334135bb329d8274baa49cec3c62", size = 50027563, upload-time = "2026-07-10T08:28:43.848Z" },
    { url = "https://files.pythonhosted.org/packages/7b/fb/4d24f1b7fe2e042dc4ef315ef75e4e702d8e46fe10c37e63caff00502b03/pyarrow-25.0.0-cp314-cp314-musllinux_1_2_x86_64.whl", hash = "sha256:f0f100dacf2c0f400601664a79d1a907ced4740514bb2b00917341038e2ce76f", size = 53162437, upload-time = "2026-07-10T08:28:52.819Z" },
    { url = "https://files.pythonhosted.org/packages/fa/65/da20806de93ca6ee91e72cb6a9b08b3ac890b46efc8d94a7326c651c4c81/pyarrow-25.0.0-cp314-cp314-win_amd64.whl", hash = "sha256:2e093efbecb5317372f819228fa4b4e6157eee48d3f0a7b0303705ebf81a7104", size = 28613262, upload-time = "2026-07-10T08:29:47.544Z" },
    { url = "https://files.pythonhosted.org/packages/86/9f/c632afb1d3ef4a7814cee236718235f3a47eac46e97eb87df40f550b6b48/pyarrow-25.0.0-cp314-cp314t-macosx_12_0_arm64.whl", hash = "sha256:26be35b80780d2d21f4bae3d568b1666337c3a89722cc1794c956a77017cb24e", size = 36120702, upload-time = "2026-07-10T08:28:59.577Z" },
    { url = "https://files.pythonhosted.org/packages/36/0a/093d53a0e72ad06e45d6443e00651bbc2d21af4211295086cbf4d873d3b9/pyarrow-25.0.0-cp314-cp314t-macosx_12_0_x86_64.whl", hash = "sha256:6f4812bfbf11ca7d8faf59eb8fff8bf4dd25ce3a38b62baa010cc17a0926d1b2", size = 37750674, upload-time = "2026-07-10T08:29:06.916Z" },
    { url = "https://files.pythonhosted.org/packages/8a/18/b37fc31a69cff4bdfb8842683def5612f551b93fff6f44375e4a4a6a5535/pyarrow-25.0.0-cp314-cp314t-manylinux_2_28_aarch64.whl", hash = "sha256:b8af8ceedf0c9c160fd2b63440f2d205b9404db85866c1217bfea601de7cfb50", size = 46912304, upload-time = "2026-07-10T08:29:14.656Z" },
    { url = "https://files.pythonhosted.org/packages/32/35/5cae19ba72493e5598022468b56f6a5571f399f485bf412f157356476caa/pyarrow-25.0.0-cp314-cp314t-manylinux_2_28_x86_64.whl", hash = "sha256:c70a5fd9a82bd1a702fd482bdc62d38dcb672fb2b449b1d7c0d7d1f4be7b7bfe", size = 50073652, upload-time = "2026-07-10T08:29:22.467Z" },
    { url = "https://files.pythonhosted.org/packages/2e/a5/ddd508424bdfd5e6945765e9e2ffc687e2f6115972badc8ecf423076c407/pyarrow-25.0.0-cp314-cp314t-musllinux_1_2_aarch64.whl", hash = "sha256:0490a7f8b38ffe11cc26526b50c65d111cb54ddac3717cec781806793f1244dc", size = 50058654, upload-time = "2026-07-10T08:29:29.689Z" },
    { url = "https://files.pythonhosted.org/packages/5f/a4/324d0db203ff5eebe8694ec2d6ec5a23f9aaa5d02e5b8c692914c518c33c/pyarrow-25.0.0-cp314-cp314t-musllinux_1_2_x86_64.whl", hash = "sha256:e83916bbcf380866b4e14255850b33323ff678dc9758411d0409cdd2523880b0", size = 53140153, upload-time = "2026-07-10T08:29:36.041Z" },
    { url = "https://files.pythonhosted.org/packages/bd/8d/d236e9c82fe315f9128885c8be3ec719f41965a1eb6b6f4b42470904cd41/pyarrow-25.0.0-cp314-cp314t-win_amd64.whl", hash = "sha256:13240f0d3dc5932ccd0bfa90cd76d835680b9d94a7661c635df4b703d40ce849", size = 28743657, upload-time = "2026-07-10T08:29:42.742Z" },
]

[[package]]
name = "pygments"
version = "2.20.0"
source = { registry = "https://pypi.org/simple" }
sdist = { url = "https://files.pythonhosted.org/packages/c3/b2/bc9c9196916376152d655522fdcebac55e66de6603a76a02bca1b6414f6c/pygments-2.20.0.tar.gz", hash = "sha256:6757cd03768053ff99f3039c1a36d6c0aa0b263438fcab17520b30a303a82b5f", size = 4955991, upload-time = "2026-03-29T13:29:33.898Z" }
wheels = [
    { url = "https://files.pythonhosted.org/packages/f4/7e/a72dd26f3b0f4f2bf1dd8923c85f7ceb43172af56d63c7383eb62b332364/pygments-2.20.0-py3-none-any.whl", hash = "sha256:81a9e26dd42fd28a23a2d169d86d7ac03b46e2f8b59ed4698fb4785f946d0176", size = 1231151, upload-time = "2026-03-29T13:29:30.038Z" },
]

[[package]]
name = "pytest"
version = "9.1.1"
source = { registry = "https://pypi.org/simple" }
dependencies = [
    { name = "colorama", marker = "sys_platform == 'win32'" },
    { name = "iniconfig" },
    { name = "packaging" },
    { name = "pluggy" },
    { name = "pygments" },
]
sdist = { url = "https://files.pythonhosted.org/packages/e4/47/b9efed96c114afcfa3c9d3fe98a76a1d14c74a9e266d397cf6eb64be5e01/pytest-9.1.1.tar.gz", hash = "sha256:1088fbde8f2b49d95a549a195707afa7a76a3ce9bcadc26b6d71f0ffda5fe313", size = 1636369, upload-time = "2026-06-19T10:58:32.857Z" }
wheels = [
    { url = "https://files.pythonhosted.org/packages/24/25/1de2678b631f5a49215c6c96fff41ba892b0a34df68d6d80292b1b48aa7f/pytest-9.1.1-py3-none-any.whl", hash = "sha256:37a86b45efb9a47a61a36449063e8e18d0cab3161329fc099eb21783169c4f0c", size = 386536, upload-time = "2026-06-19T10:58:31.347Z" },
]

[[package]]
name = "setuptools"
version = "84.0.0"
source = { registry = "https://pypi.org/simple" }
sdist = { url = "https://files.pythonhosted.org/packages/6d/44/f5da03a8ef95d369145c5bb53050e7877c9f3d312e128605fd9504829143/setuptools-84.0.0.tar.gz", hash = "sha256:f4695c21257f0d9b537ec2692c941d02ee143b7cc1276941349a546573b2ef73", size = 1168449, upload-time = "2026-08-08T18:27:58.365Z" }
wheels = [
    { url = "https://files.pythonhosted.org/packages/95/9c/c510029fc6ef33a6275cd2c5d3cecd6613dfd6aa401d57c54f1c18852ccf/setuptools-84.0.0-py3-none-any.whl", hash = "sha256:51a52592b3b99e102b609654876bd65f19f999935166d1352678931132b0c670", size = 818216, upload-time = "2026-08-08T18:27:56.719Z" },
]

[[package]]
name = "stkoe"
version = "0.1.0"
source = { editable = "." }
dependencies = [
    { name = "grpcio" },
    { name = "orjson" },
    { name = "polars" },
    { name = "pyarrow" },
]

[package.dev-dependencies]
dev = [
    { name = "grpcio-tools" },
    { name = "pytest" },
]

[package.metadata]
requires-dist = [
    { name = "grpcio", specifier = ">=1.83.0" },
    { name = "orjson", specifier = ">=3.11.9" },
    { name = "polars", specifier = ">=1.43.2" },
    { name = "pyarrow", specifier = ">=25.0.0" },
]

[package.metadata.requires-dev]
dev = [
    { name = "grpcio-tools", specifier = ">=1.83.0" },
    { name = "pytest", specifier = ">=9.1.1" },
]

[[package]]
name = "typing-extensions"
version = "4.16.0"
source = { registry = "https://pypi.org/simple" }
sdist = { url = "https://files.pythonhosted.org/packages/f6/cc/6253133b5bb138fc3306cebfbda2c520f545d36b5be2c7255cc528bb45d6/typing_extensions-4.16.0.tar.gz", hash = "sha256:dc983d19a509c94dba722ee6abd33940f7c05a89e243c47e907eb4db6f1a43e5", size = 113555, upload-time = "2026-07-02T08:40:05.92Z" }
wheels = [
    { url = "https://files.pythonhosted.org/packages/49/d3/b8441a820a491ddfc024b0b0cf0393375b75ea13866d9c66727e54c2fc80/typing_extensions-4.16.0-py3-none-any.whl", hash = "sha256:481caa481374e813c1b176ada14e97f1f67a4539ce9cfeb3f350d78d6370c2e8", size = 45571, upload-time = "2026-07-02T08:40:04.659Z" },
]
